// !$*UTF8*$!
{
	archiveVersion = 1;
	classes = {
	};
	objectVersion = 46;
	objects = {

/* Begin PBXBuildFile section */
		1B69310318D8CF6E004E6A4C /* Foundation.framework in Frameworks */ = {isa = PBXBuildFile; fileRef = 1B69310218D8CF6E004E6A4C /* Foundation.framework */; };
		1B69310518D8CF6E004E6A4C /* CoreGraphics.framework in Frameworks */ = {isa = PBXBuildFile; fileRef = 1B69310418D8CF6E004E6A4C /* CoreGraphics.framework */; };
		1B69310718D8CF6E004E6A4C /* UIKit.framework in Frameworks */ = {isa = PBXBuildFile; fileRef = 1B69310618D8CF6E004E6A4C /* UIKit.framework */; };
		1B69310D18D8CF6E004E6A4C /* InfoPlist.strings in Resources */ = {isa = PBXBuildFile; fileRef = 1B69310B18D8CF6E004E6A4C /* InfoPlist.strings */; };
		1B69310F18D8CF6E004E6A4C /* main.m in Sources */ = {isa = PBXBuildFile; fileRef = 1B69310E18D8CF6E004E6A4C /* main.m */; };
		1B69311318D8CF6E004E6A4C /* MJSAppDelegate.m in Sources */ = {isa = PBXBuildFile; fileRef = 1B69311218D8CF6E004E6A4C /* MJSAppDelegate.m */; };
		1B69311618D8CF6E004E6A4C /* Main.storyboard in Resources */ = {isa = PBXBuildFile; fileRef = 1B69311418D8CF6E004E6A4C /* Main.storyboard */; };
		1B69311918D8CF6E004E6A4C /* MJSViewController.m in Sources */ = {isa = PBXBuildFile; fileRef = 1B69311818D8CF6E004E6A4C /* MJSViewController.m */; };
		1B69311B18D8CF6E004E6A4C /* Images.xcassets in Resources */ = {isa = PBXBuildFile; fileRef = 1B69311A18D8CF6E004E6A4C /* Images.xcassets */; };
		1B69312218D8CF6E004E6A4C /* XCTest.framework in Frameworks */ = {isa = PBXBuildFile; fileRef = 1B69312118D8CF6E004E6A4C /* XCTest.framework */; };
		1B69312318D8CF6E004E6A4C /* Foundation.framework in Frameworks */ = {isa = PBXBuildFile; fileRef = 1B69310218D8CF6E004E6A4C /* Foundation.framework */; };
		1B69312418D8CF6E004E6A4C /* UIKit.framework in Frameworks */ = {isa = PBXBuildFile; fileRef = 1B69310618D8CF6E004E6A4C /* UIKit.framework */; };
		1B69312C18D8CF6E004E6A4C /* InfoPlist.strings in Resources */ = {isa = PBXBuildFile; fileRef = 1B69312A18D8CF6E004E6A4C /* InfoPlist.strings */; };
		1B69312E18D8CF6E004E6A4C /* Scale_QuizTests.m in Sources */ = {isa = PBXBuildFile; fileRef = 1B69312D18D8CF6E004E6A4C /* Scale_QuizTests.m */; };
		1B69313818D8D580004E6A4C /* GibsonLesPaul--Guitar.png in Resources */ = {isa = PBXBuildFile; fileRef = 1B69313718D8D580004E6A4C /* GibsonLesPaul--Guitar.png */; };
		1B69313A18D8DE37004E6A4C /* C-Major-Solfege.png in Resources */ = {isa = PBXBuildFile; fileRef = 1B69313918D8DE37004E6A4C /* C-Major-Solfege.png */; };
		1B7822FC18FC5BF300246153 /* KeyData.m in Sources */ = {isa = PBXBuildFile; fileRef = 1B7822FB18FC5BF300246153 /* KeyData.m */; };
/* End PBXBuildFile section */

/* Begin PBXContainerItemProxy section */
		1B69312518D8CF6E004E6A4C /* PBXContainerItemProxy */ = {
			isa = PBXContainerItemProxy;
			containerPortal = 1B6930F718D8CF6E004E6A4C /* Project object */;
			proxyType = 1;
			remoteGlobalIDString = 1B6930FE18D8CF6E004E6A4C;
			remoteInfo = "Scale Quiz";
		};
/* End PBXContainerItemProxy section */

/* Begin PBXFileReference section */
		1B6930FF18D8CF6E004E6A4C /* Scale Quiz.app */ = {isa = PBXFileReference; explicitFileType = wrapper.application; includeInIndex = 0; path = "Scale Quiz.app"; sourceTree = BUILT_PRODUCTS_DIR; };
		1B69310218D8CF6E004E6A4C /* Foundation.framework */ = {isa = PBXFileReference; lastKnownFileType = wrapper.framework; name = Foundation.framework; path = System/Library/Frameworks/Foundation.framework; sourceTree = SDKROOT; };
		1B69310418D8CF6E004E6A4C /* CoreGraphics.framework */ = {isa = PBXFileReference; lastKnownFileType = wrapper.framework; name = CoreGraphics.framework; path = System/Library/Frameworks/CoreGraphics.framework; sourceTree = SDKROOT; };
		1B69310618D8CF6E004E6A4C /* UIKit.framework */ = {isa = PBXFileReference; lastKnownFileType = wrapper.framework; name = UIKit.framework; path = System/Library/Frameworks/UIKit.framework; sourceTree = SDKROOT; };
		1B69310A18D8CF6E004E6A4C /* Scale Quiz-Info.plist */ = {isa = PBXFileReference; lastKnownFileType = text.plist.xml; path = "Scale Quiz-Info.plist"; sourceTree = "<group>"; };
		1B69310C18D8CF6E004E6A4C /* en */ = {isa = PBXFileReference; lastKnownFileType = text.plist.strings; name = en; path = en.lproj/InfoPlist.strings; sourceTree = "<group>"; };
		1B69310E18D8CF6E004E6A4C /* main.m */ = {isa = PBXFileReference; lastKnownFileType = sourcecode.c.objc; path = main.m; sourceTree = "<group>"; };
		1B69311018D8CF6E004E6A4C /* Scale Quiz-Prefix.pch */ = {isa = PBXFileReference; lastKnownFileType = sourcecode.c.h; path = "Scale Quiz-Prefix.pch"; sourceTree = "<group>"; };
		1B69311118D8CF6E004E6A4C /* MJSAppDelegate.h */ = {isa = PBXFileReference; lastKnownFileType = sourcecode.c.h; path = MJSAppDelegate.h; sourceTree = "<group>"; };
		1B69311218D8CF6E004E6A4C /* MJSAppDelegate.m */ = {isa = PBXFileReference; lastKnownFileType = sourcecode.c.objc; path = MJSAppDelegate.m; sourceTree = "<group>"; };
		1B69311518D8CF6E004E6A4C /* Base */ = {isa = PBXFileReference; lastKnownFileType = file.storyboard; name = Base; path = Base.lproj/Main.storyboard; sourceTree = "<group>"; };
		1B69311718D8CF6E004E6A4C /* MJSViewController.h */ = {isa = PBXFileReference; lastKnownFileType = sourcecode.c.h; path = MJSViewController.h; sourceTree = "<group>"; };
		1B69311818D8CF6E004E6A4C /* MJSViewController.m */ = {isa = PBXFileReference; lastKnownFileType = sourcecode.c.objc; path = MJSViewController.m; sourceTree = "<group>"; };
		1B69311A18D8CF6E004E6A4C /* Images.xcassets */ = {isa = PBXFileReference; lastKnownFileType = folder.assetcatalog; path = Images.xcassets; sourceTree = "<group>"; };
		1B69312018D8CF6E004E6A4C /* Scale QuizTests.xctest */ = {isa = PBXFileReference; explicitFileType = wrapper.cfbundle; includeInIndex = 0; path = "Scale QuizTests.xctest"; sourceTree = BUILT_PRODUCTS_DIR; };
		1B69312118D8CF6E004E6A4C /* XCTest.framework */ = {isa = PBXFileReference; lastKnownFileType = wrapper.framework; name = XCTest.framework; path = Library/Frameworks/XCTest.framework; sourceTree = DEVELOPER_DIR; };
		1B69312918D8CF6E004E6A4C /* Scale QuizTests-Info.plist */ = {isa = PBXFileReference; lastKnownFileType = text.plist.xml; path = "Scale QuizTests-Info.plist"; sourceTree = "<group>"; };
		1B69312B18D8CF6E004E6A4C /* en */ = {isa = PBXFileReference; lastKnownFileType = text.plist.strings; name = en; path = en.lproj/InfoPlist.strings; sourceTree = "<group>"; };
		1B69312D18D8CF6E004E6A4C /* Scale_QuizTests.m */ = {isa = PBXFileReference; lastKnownFileType = sourcecode.c.objc; path = Scale_QuizTests.m; sourceTree = "<group>"; };
		1B69313718D8D580004E6A4C /* GibsonLesPaul--Guitar.png */ = {isa = PBXFileReference; lastKnownFileType = image.png; path = "GibsonLesPaul--Guitar.png"; sourceTree = "<group>"; };
		1B69313918D8DE37004E6A4C /* C-Major-Solfege.png */ = {isa = PBXFileReference; lastKnownFileType = image.png; path = "C-Major-Solfege.png"; sourceTree = "<group>"; };
		1B7822FA18FC5BF300246153 /* KeyData.h */ = {isa = PBXFileReference; fileEncoding = 4; lastKnownFileType = sourcecode.c.h; path = KeyData.h; sourceTree = "<group>"; };
		1B7822FB18FC5BF300246153 /* KeyData.m */ = {isa = PBXFileReference; fileEncoding = 4; lastKnownFileType = sourcecode.c.objc; path = KeyData.m; sourceTree = "<group>"; };
/* End PBXFileReference section */

/* Begin PBXFrameworksBuildPhase section */
		1B6930FC18D8CF6E004E6A4C /* Frameworks */ = {
			isa = PBXFrameworksBuildPhase;
			buildActionMask = 2147483647;
			files = (
				1B69310518D8CF6E004E6A4C /* CoreGraphics.framework in Frameworks */,
				1B69310718D8CF6E004E6A4C /* UIKit.framework in Frameworks */,
				1B69310318D8CF6E004E6A4C /* Foundation.framework in Frameworks */,
			);
			runOnlyForDeploymentPostprocessing = 0;
		};
		1B69311D18D8CF6E004E6A4C /* Frameworks */ = {
			isa = PBXFrameworksBuildPhase;
			buildActionMask = 2147483647;
			files = (
				1B69312218D8CF6E004E6A4C /* XCTest.framework in Frameworks */,
				1B69312418D8CF6E004E6A4C /* UIKit.framework in Frameworks */,
				1B69312318D8CF6E004E6A4C /* Foundation.framework in Frameworks */,
			);
			runOnlyForDeploymentPostprocessing = 0;
		};
/* End PBXFrameworksBuildPhase section */

/* Begin PBXGroup section */
		1B6930F618D8CF6E004E6A4C = {
			isa = PBXGroup;
			children = (
				1B69310818D8CF6E004E6A4C /* Scale Quiz */,
				1B69312718D8CF6E004E6A4C /* Scale QuizTests */,
				1B69310118D8CF6E004E6A4C /* Frameworks */,
				1B69310018D8CF6E004E6A4C /* Products */,
			);
			sourceTree = "<group>";
		};
		1B69310018D8CF6E004E6A4C /* Products */ = {
			isa = PBXGroup;
			children = (
				1B6930FF18D8CF6E004E6A4C /* Scale Quiz.app */,
				1B69312018D8CF6E004E6A4C /* Scale QuizTests.xctest */,
			);
			name = Products;
			sourceTree = "<group>";
		};
		1B69310118D8CF6E004E6A4C /* Frameworks */ = {
			isa = PBXGroup;
			children = (
				1B69310218D8CF6E004E6A4C /* Foundation.framework */,
				1B69310418D8CF6E004E6A4C /* CoreGraphics.framework */,
				1B69310618D8CF6E004E6A4C /* UIKit.framework */,
				1B69312118D8CF6E004E6A4C /* XCTest.framework */,
			);
			name = Frameworks;
			sourceTree = "<group>";
		};
		1B69310818D8CF6E004E6A4C /* Scale Quiz */ = {
			isa = PBXGroup;
			children = (
				1B7822FD18FC5BFA00246153 /* Model */,
				1B69311118D8CF6E004E6A4C /* MJSAppDelegate.h */,
				1B69311218D8CF6E004E6A4C /* MJSAppDelegate.m */,
				1B69311418D8CF6E004E6A4C /* Main.storyboard */,
				1B69311718D8CF6E004E6A4C /* MJSViewController.h */,
				1B69311818D8CF6E004E6A4C /* MJSViewController.m */,
				1B69311A18D8CF6E004E6A4C /* Images.xcassets */,
				1B69310918D8CF6E004E6A4C /* Supporting Files */,
			);
			path = "Scale Quiz";
			sourceTree = "<group>";
		};
		1B69310918D8CF6E004E6A4C /* Supporting Files */ = {
			isa = PBXGroup;
			children = (
				1B69313918D8DE37004E6A4C /* C-Major-Solfege.png */,
				1B69313718D8D580004E6A4C /* GibsonLesPaul--Guitar.png */,
				1B69310A18D8CF6E004E6A4C /* Scale Quiz-Info.plist */,
				1B69310B18D8CF6E004E6A4C /* InfoPlist.strings */,
				1B69310E18D8CF6E004E6A4C /* main.m */,
				1B69311018D8CF6E004E6A4C /* Scale Quiz-Prefix.pch */,
			);
			name = "Supporting Files";
			sourceTree = "<group>";
		};
		1B69312718D8CF6E004E6A4C /* Scale QuizTests */ = {
			isa = PBXGroup;
			children = (
				1B69312D18D8CF6E004E6A4C /* Scale_QuizTests.m */,
				1B69312818D8CF6E004E6A4C /* Supporting Files */,
			);
			path = "Scale QuizTests";
			sourceTree = "<group>";
		};
		1B69312818D8CF6E004E6A4C /* Supporting Files */ = {
			isa = PBXGroup;
			children = (
				1B69312918D8CF6E004E6A4C /* Scale QuizTests-Info.plist */,
				1B69312A18D8CF6E004E6A4C /* InfoPlist.strings */,
			);
			name = "Supporting Files";
			sourceTree = "<group>";
		};
		1B7822FD18FC5BFA00246153 /* Model */ = {
			isa = PBXGroup;
			children = (
				1B7822FB18FC5BF300246153 /* KeyData.m */,
				1B7822FA18FC5BF300246153 /* KeyData.h */,
			);
			name = Model;
			sourceTree = "<group>";
		};
/* End PBXGroup section */

/* Begin PBXNativeTarget section */
		1B6930FE18D8CF6E004E6A4C /* Scale Quiz */ = {
			isa = PBXNativeTarget;
			buildConfigurationList = 1B69313118D8CF6E004E6A4C /* Build configuration list for PBXNativeTarget "Scale Quiz" */;
			buildPhases = (
				1B6930FB18D8CF6E004E6A4C /* Sources */,
				1B6930FC18D8CF6E004E6A4C /* Frameworks */,
				1B6930FD18D8CF6E004E6A4C /* Resources */,
			);
			buildRules = (
			);
			dependencies = (
			);
			name = "Scale Quiz";
			productName = "Scale Quiz";
			productReference = 1B6930FF18D8CF6E004E6A4C /* Scale Quiz.app */;
			productType = "com.apple.product-type.application";
		};
		1B69311F18D8CF6E004E6A4C /* Scale QuizTests */ = {
			isa = PBXNativeTarget;
			buildConfigurationList = 1B69313418D8CF6E004E6A4C /* Build configuration list for PBXNativeTarget "Scale QuizTests" */;
			buildPhases = (
				1B69311C18D8CF6E004E6A4C /* Sources */,
				1B69311D18D8CF6E004E6A4C /* Frameworks */,
				1B69311E18D8CF6E004E6A4C /* Resources */,
			);
			buildRules = (
			);
			dependencies = (
				1B69312618D8CF6E004E6A4C /* PBXTargetDependency */,
			);
			name = "Scale QuizTests";
			productName = "Scale QuizTests";
			productReference = 1B69312018D8CF6E004E6A4C /* Scale QuizTests.xctest */;
			productType = "com.apple.product-type.bundle.unit-test";
		};
/* End PBXNativeTarget section */

/* Begin PBXProject section */
		1B6930F718D8CF6E004E6A4C /* Project object */ = {
			isa = PBXProject;
			attributes = {
				CLASSPREFIX = MJS;
				LastUpgradeCheck = 0510;
				ORGANIZATIONNAME = mikestromme;
				TargetAttributes = {
					1B69311F18D8CF6E004E6A4C = {
						TestTargetID = 1B6930FE18D8CF6E004E6A4C;
					};
				};
			};
			buildConfigurationList = 1B6930FA18D8CF6E004E6A4C /* Build configuration list for PBXProject "Scale Quiz" */;
			compatibilityVersion = "Xcode 3.2";
			developmentRegion = English;
			hasScannedForEncodings = 0;
			knownRegions = (
				en,
				Base,
			);
			mainGroup = 1B6930F618D8CF6E004E6A4C;
			productRefGroup = 1B69310018D8CF6E004E6A4C /* Products */;
			projectDirPath = "";
			projectRoot = "";
			targets = (
				1B6930FE18D8CF6E004E6A4C /* Scale Quiz */,
				1B69311F18D8CF6E004E6A4C /* Scale QuizTests */,
			);
		};
/* End PBXProject section */

/* Begin PBXResourcesBuildPhase section */
		1B6930FD18D8CF6E004E6A4C /* Resources */ = {
			isa = PBXResourcesBuildPhase;
			buildActionMask = 2147483647;
			files = (
				1B69311B18D8CF6E004E6A4C /* Images.xcassets in Resources */,
				1B69313A18D8DE37004E6A4C /* C-Major-Solfege.png in Resources */,
				1B69310D18D8CF6E004E6A4C /* InfoPlist.strings in Resources */,
				1B69313818D8D580004E6A4C /* GibsonLesPaul--Guitar.png in Resources */,
				1B69311618D8CF6E004E6A4C /* Main.storyboard in Resources */,
			);
			runOnlyForDeploymentPostprocessing = 0;
		};
		1B69311E18D8CF6E004E6A4C /* Resources */ = {
			isa = PBXResourcesBuildPhase;
			buildActionMask = 2147483647;
			files = (
				1B69312C18D8CF6E004E6A4C /* InfoPlist.strings in Resources */,
			);
			runOnlyForDeploymentPostprocessing = 0;
		};
/* End PBXResourcesBuildPhase section */

/* Begin PBXSourcesBuildPhase section */
		1B6930FB18D8CF6E004E6A4C /* Sources */ = {
			isa = PBXSourcesBuildPhase;
			buildActionMask = 2147483647;
			files = (
				1B69310F18D8CF6E004E6A4C /* main.m in Sources */,
				1B7822FC18FC5BF300246153 /* KeyData.m in Sources */,
				1B69311918D8CF6E004E6A4C /* MJSViewController.m in Sources */,
				1B69311318D8CF6E004E6A4C /* MJSAppDelegate.m in Sources */,
			);
			runOnlyForDeploymentPostprocessing = 0;
		};
		1B69311C18D8CF6E004E6A4C /* Sources */ = {
			isa = PBXSourcesBuildPhase;
			buildActionMask = 2147483647;
			files = (
				1B69312E18D8CF6E004E6A4C /* Scale_QuizTests.m in Sources */,
			);
			runOnlyForDeploymentPostprocessing = 0;
		};
/* End PBXSourcesBuildPhase section */

/* Begin PBXTargetDependency section */
		1B69312618D8CF6E004E6A4C /* PBXTargetDependency */ = {
			isa = PBXTargetDependency;
			target = 1B6930FE18D8CF6E004E6A4C /* Scale Quiz */;
			targetProxy = 1B69312518D8CF6E004E6A4C /* PBXContainerItemProxy */;
		};
/* End PBXTargetDependency section */

/* Begin PBXVariantGroup section */
		1B69310B18D8CF6E004E6A4C /* InfoPlist.strings */ = {
			isa = PBXVariantGroup;
			children = (
				1B69310C18D8CF6E004E6A4C /* en */,
			);
			name = InfoPlist.strings;
			sourceTree = "<group>";
		};
		1B69311418D8CF6E004E6A4C /* Main.storyboard */ = {
			isa = PBXVariantGroup;
			children = (
				1B69311518D8CF6E004E6A4C /* Base */,
			);
			name = Main.storyboard;
			sourceTree = "<group>";
		};
		1B69312A18D8CF6E004E6A4C /* InfoPlist.strings */ = {
			isa = PBXVariantGroup;
			children = (
				1B69312B18D8CF6E004E6A4C /* en */,
			);
			name = InfoPlist.strings;
			sourceTree = "<group>";
		};
/* End PBXVariantGroup section */

/* Begin XCBuildConfiguration section */
		1B69312F18D8CF6E004E6A4C /* Debug */ = {
			isa = XCBuildConfiguration;
			buildSettings = {
				ALWAYS_SEARCH_USER_PATHS = NO;
				CLANG_CXX_LANGUAGE_STANDARD = "gnu++0x";
				CLANG_CXX_LIBRARY = "libc++";
				CLANG_ENABLE_MODULES = YES;
				CLANG_ENABLE_OBJC_ARC = YES;
				CLANG_WARN_BOOL_CONVERSION = YES;
				CLANG_WARN_CONSTANT_CONVERSION = YES;
				CLANG_WARN_DIRECT_OBJC_ISA_USAGE = YES_ERROR;
				CLANG_WARN_EMPTY_BODY = YES;
				CLANG_WARN_ENUM_CONVERSION = YES;
				CLANG_WARN_INT_CONVERSION = YES;
				CLANG_WARN_OBJC_ROOT_CLASS = YES_ERROR;
				CLANG_WARN__DUPLICATE_METHOD_MATCH = YES;
				"CODE_SIGN_IDENTITY[sdk=iphoneos*]" = "iPhone Developer";
				COPY_PHASE_STRIP = NO;
				GCC_C_LANGUAGE_STANDARD = gnu99;
				GCC_DYNAMIC_NO_PIC = NO;
				GCC_OPTIMIZATION_LEVEL = 0;
				GCC_PREPROCESSOR_DEFINITIONS = (
					"DEBUG=1",
					"$(inherited)",
				);
				GCC_SYMBOLS_PRIVATE_EXTERN = NO;
				GCC_WARN_64_TO_32_BIT_CONVERSION = YES;
				GCC_WARN_ABOUT_RETURN_TYPE = YES_ERROR;
				GCC_WARN_UNDECLARED_SELECTOR = YES;
				GCC_WARN_UNINITIALIZED_AUTOS = YES_AGGRESSIVE;
				GCC_WARN_UNUSED_FUNCTION = YES;
				GCC_WARN_UNUSED_VARIABLE = YES;
				IPHONEOS_DEPLOYMENT_TARGET = 7.1;
				ONLY_ACTIVE_ARCH = YES;
				SDKROOT = iphoneos;
			};
			name = Debug;
		};
		1B69313018D8CF6E004E6A4C /* Release */ = {
			isa = XCBuildConfiguration;
			buildSettings = {
				ALWAYS_SEARCH_USER_PATHS = NO;
				CLANG_CXX_LANGUAGE_STANDARD = "gnu++0x";
				CLANG_CXX_LIBRARY = "libc++";
				CLANG_ENABLE_MODULES = YES;
				CLANG_ENABLE_OBJC_ARC = YES;
				CLANG_WARN_BOOL_CONVERSION = YES;
				CLANG_WARN_CONSTANT_CONVERSION = YES;
				CLANG_WARN_DIRECT_OBJC_ISA_USAGE = YES_ERROR;
				CLANG_WARN_EMPTY_BODY = YES;
				CLANG_WARN_ENUM_CONVERSION = YES;
				CLANG_WARN_INT_CONVERSION = YES;
				CLANG_WARN_OBJC_ROOT_CLASS = YES_ERROR;
				CLANG_WARN__DUPLICATE_METHOD_MATCH = YES;
				"CODE_SIGN_IDENTITY[sdk=iphoneos*]" = "iPhone Developer";
				COPY_PHASE_STRIP = YES;
				ENABLE_NS_ASSERTIONS = NO;
				GCC_C_LANGUAGE_STANDARD = gnu99;
				GCC_WARN_64_TO_32_BIT_CONVERSION = YES;
				GCC_WARN_ABOUT_RETURN_TYPE = YES_ERROR;
				GCC_WARN_UNDECLARED_SELECTOR = YES;
				GCC_WARN_UNINITIALIZED_AUTOS = YES_AGGRESSIVE;
				GCC_WARN_UNUSED_FUNCTION = YES;
				GCC_WARN_UNUSED_VARIABLE = YES;
				IPHONEOS_DEPLOYMENT_TARGET = 7.1;
				SDKROOT = iphoneos;
				VALIDATE_PRODUCT = YES;
			};
			name = Release;
		};
		1B69313218D8CF6E004E6A4C /* Debug */ = {
			isa = XCBuildConfiguration;
			buildSettings = {
				ASSETCATALOG_COMPILER_APPICON_NAME = "AppIcon-2";
				ASSETCATALOG_COMPILER_LAUNCHIMAGE_NAME = LaunchImage;
				GCC_PRECOMPILE_PREFIX_HEADER = YES;
				GCC_PREFIX_HEADER = "Scale Quiz/Scale Quiz-Prefix.pch";
				INFOPLIST_FILE = "Scale Quiz/Scale Quiz-Info.plist";
				PRODUCT_NAME = "$(TARGET_NAME)";
				WRAPPER_EXTENSION = app;
			};
			name = Debug;
		};
		1B69313318D8CF6E004E6A4C /* Release */ = {
			isa = XCBuildConfiguration;
			buildSettings = {
				ASSETCATALOG_COMPILER_APPICON_NAME = "AppIcon-2";
				ASSETCATALOG_COMPILER_LAUNCHIMAGE_NAME = LaunchImage;
				GCC_PRECOMPILE_PREFIX_HEADER = YES;
				GCC_PREFIX_HEADER = "Scale Quiz/Scale Quiz-Prefix.pch";
				INFOPLIST_FILE = "Scale Quiz/Scale Quiz-Info.plist";
				PRODUCT_NAME = "$(TARGET_NAME)";
				WRAPPER_EXTENSION = app;
			};
			name = Release;
		};
		1B69313518D8CF6E004E6A4C /* Debug */ = {
			isa = XCBuildConfiguration;
			buildSettings = {
				BUNDLE_LOADER = "$(BUILT_PRODUCTS_DIR)/Scale Quiz.app/Scale Quiz";
				FRAMEWORK_SEARCH_PATHS = (
					"$(SDKROOT)/Developer/Library/Frameworks",
					"$(inherited)",
					"$(DEVELOPER_FRAMEWORKS_DIR)",
				);
				GCC_PRECOMPILE_PREFIX_HEADER = YES;
				GCC_PREFIX_HEADER = "Scale Quiz/Scale Quiz-Prefix.pch";
				GCC_PREPROCESSOR_DEFINITIONS = (
					"DEBUG=1",
					"$(inherited)",
				);
				INFOPLIST_FILE = "Scale QuizTests/Scale QuizTests-Info.plist";
				PRODUCT_NAME = "$(TARGET_NAME)";
				TEST_HOST = "$(BUNDLE_LOADER)";
				WRAPPER_EXTENSION = xctest;
			};
			name = Debug;
		};
		1B69313618D8CF6E004E6A4C /* Release */ = {
			isa = XCBuildConfiguration;
			buildSettings = {
				BUNDLE_LOADER = "$(BUILT_PRODUCTS_DIR)/Scale Quiz.app/Scale Quiz";
				FRAMEWORK_SEARCH_PATHS = (
					"$(SDKROOT)/Developer/Library/Frameworks",
					"$(inherited)",
					"$(DEVELOPER_FRAMEWORKS_DIR)",
				);
				GCC_PRECOMPILE_PREFIX_HEADER = YES;
				GCC_PREFIX_HEADER = "Scale Quiz/Scale Quiz-Prefix.pch";
				INFOPLIST_FILE = "Scale QuizTests/Scale QuizTests-Info.plist";
				PRODUCT_NAME = "$(TARGET_NAME)";
				TEST_HOST = "$(BUNDLE_LOADER)";
				WRAPPER_EXTENSION = xctest;
			};
			name = Release;
		};
/* End XCBuildConfiguration section */

/* Begin XCConfigurationList section */
		1B6930FA18D8CF6E004E6A4C /* Build configuration list for PBXProject "Scale Quiz" */ = {
			isa = XCConfigurationList;
			buildConfigurations = (
				1B69312F18D8CF6E004E6A4C /* Debug */,
				1B69313018D8CF6E004E6A4C /* Release */,
			);
			defaultConfigurationIsVisible = 0;
			defaultConfigurationName = Release;
		};
		1B69313118D8CF6E004E6A4C /* Build configuration list for PBXNativeTarget "Scale Quiz" */ = {
			isa = XCConfigurationList;
			buildConfigurations = (
				1B69313218D8CF6E004E6A4C /* Debug */,
				1B69313318D8CF6E004E6A4C /* Release */,
			);
			defaultConfigurationIsVisible = 0;
			defaultConfigurationName = Release;
		};
		1B69313418D8CF6E004E6A4C /* Build configuration list for PBXNativeTarget "Scale QuizTests" */ = {
			isa = XCConfigurationList;
			buildConfigurations = (
				1B69313518D8CF6E004E6A4C /* Debug */,
				1B69313618D8CF6E004E6A4C /* Release */,
			);
			defaultConfigurationIsVisible = 0;
			defaultConfigurationName = Release;
		};
/* End XCConfigurationList section */
	};
	rootObject = 1B6930F718D8CF6E004E6A4C /* Project object */;
}
